
Microsoft Visual Studio Solution File, Format Version 12.00
Project("{2150E333-8FDC-42A3-9474-1A3956D46DE8}") = "src", "src", "{C754F946-FF32-4135-B2BD-34583A77F595}"
EndProject
Project("{2150E333-8FDC-42A3-9474-1A3956D46DE8}") = "tests", "tests", "{D48CF85D-195F-41A2-BDC0-21A4F9AEF774}"
EndProject
Project("{FAE04EC0-301F-11D3-BF4B-00C04F79EFBC}") = "SoulProject.Api", "SoulProject.Api\SoulProject.Api.csproj", "{A2803EA3-6B1A-448C-8CF4-8ED9BD352EE1}"
EndProject
Project("{FAE04EC0-301F-11D3-BF4B-00C04F79EFBC}") = "SoulProject.Domain", "SoulProject.Domain\SoulProject.Domain.csproj", "{FE8D2E13-FE69-43EA-9226-124CD268B151}"
EndProject
Project("{FAE04EC0-301F-11D3-BF4B-00C04F79EFBC}") = "SoulProject.Application", "SoulProject.Application\SoulProject.Application.csproj", "{2912442D-864C-4BF2-8515-18AD6E707AE4}"
EndProject
Project("{FAE04EC0-301F-11D3-BF4B-00C04F79EFBC}") = "SoulProject.Infrastructure", "SoulProject.Infrastructure\SoulProject.Infrastructure.csproj", "{E044C7F6-6B80-416B-810B-403C649FD892}"
EndProject
Global
	GlobalSection(SolutionConfigurationPlatforms) = preSolution
		Debug|Any CPU = Debug|Any CPU
		Release|Any CPU = Release|Any CPU
	EndGlobalSection
	GlobalSection(NestedProjects) = preSolution
		{A2803EA3-6B1A-448C-8CF4-8ED9BD352EE1} = {C754F946-FF32-4135-B2BD-34583A77F595}
		{FE8D2E13-FE69-43EA-9226-124CD268B151} = {C754F946-FF32-4135-B2BD-34583A77F595}
		{2912442D-864C-4BF2-8515-18AD6E707AE4} = {C754F946-FF32-4135-B2BD-34583A77F595}
		{E044C7F6-6B80-416B-810B-403C649FD892} = {C754F946-FF32-4135-B2BD-34583A77F595}
	EndGlobalSection
	GlobalSection(ProjectConfigurationPlatforms) = postSolution
		{A2803EA3-6B1A-448C-8CF4-8ED9BD352EE1}.Debug|Any CPU.ActiveCfg = Debug|Any CPU
		{A2803EA3-6B1A-448C-8CF4-8ED9BD352EE1}.Debug|Any CPU.Build.0 = Debug|Any CPU
		{A2803EA3-6B1A-448C-8CF4-8ED9BD352EE1}.Release|Any CPU.ActiveCfg = Release|Any CPU
		{A2803EA3-6B1A-448C-8CF4-8ED9BD352EE1}.Release|Any CPU.Build.0 = Release|Any CPU
		{FE8D2E13-FE69-43EA-9226-124CD268B151}.Debug|Any CPU.ActiveCfg = Debug|Any CPU
		{FE8D2E13-FE69-43EA-9226-124CD268B151}.Debug|Any CPU.Build.0 = Debug|Any CPU
		{FE8D2E13-FE69-43EA-9226-124CD268B151}.Release|Any CPU.ActiveCfg = Release|Any CPU
		{FE8D2E13-FE69-43EA-9226-124CD268B151}.Release|Any CPU.Build.0 = Release|Any CPU
		{2912442D-864C-4BF2-8515-18AD6E707AE4}.Debug|Any CPU.ActiveCfg = Debug|Any CPU
		{2912442D-864C-4BF2-8515-18AD6E707AE4}.Debug|Any CPU.Build.0 = Debug|Any CPU
		{2912442D-864C-4BF2-8515-18AD6E707AE4}.Release|Any CPU.ActiveCfg = Release|Any CPU
		{2912442D-864C-4BF2-8515-18AD6E707AE4}.Release|Any CPU.Build.0 = Release|Any CPU
		{E044C7F6-6B80-416B-810B-403C649FD892}.Debug|Any CPU.ActiveCfg = Debug|Any CPU
		{E044C7F6-6B80-416B-810B-403C649FD892}.Debug|Any CPU.Build.0 = Debug|Any CPU
		{E044C7F6-6B80-416B-810B-403C649FD892}.Release|Any CPU.ActiveCfg = Release|Any CPU
		{E044C7F6-6B80-416B-810B-403C649FD892}.Release|Any CPU.Build.0 = Release|Any CPU
	EndGlobalSection
EndGlobal
